
Microsoft Visual Studio Solution File, Format Version 12.00
# Visual Studio 15
VisualStudioVersion = 15.0.28307.572
MinimumVisualStudioVersion = 10.0.40219.1
Project("{FAE04EC0-301F-11D3-BF4B-00C04F79EFBC}") = "Printers", "Printers\Printers.csproj", "{70319F40-6DAE-4F1B-AD1C-F67844697F37}"
EndProject
Global
	GlobalSection(SolutionConfigurationPlatforms) = preSolution
		Debug|Any CPU = Debug|Any CPU
		Release|Any CPU = Release|Any CPU
	EndGlobalSection
	GlobalSection(ProjectConfigurationPlatforms) = postSolution
		{70319F40-6DAE-4F1B-AD1C-F67844697F37}.Debug|Any CPU.ActiveCfg = Debug|Any CPU
		{70319F40-6DAE-4F1B-AD1C-F67844697F37}.Debug|Any CPU.Build.0 = Debug|Any CPU
		{70319F40-6DAE-4F1B-AD1C-F67844697F37}.Release|Any CPU.ActiveCfg = Release|Any CPU
		{70319F40-6DAE-4F1B-AD1C-F67844697F37}.Release|Any CPU.Build.0 = Release|Any CPU
	EndGlobalSection
	GlobalSection(SolutionProperties) = preSolution
		HideSolutionNode = FALSE
	EndGlobalSection
	GlobalSection(ExtensibilityGlobals) = postSolution
		SolutionGuid = {586D2AE2-EE3B-4E13-A952-CB7EDBBFF2B1}
	EndGlobalSection
EndGlobal
